
Microsoft Visual Studio Solution File, Format Version 12.00
# Visual Studio 15
VisualStudioVersion = 15.0.28307.539
MinimumVisualStudioVersion = 10.0.40219.1
Project("{FAE04EC0-301F-11D3-BF4B-00C04F79EFBC}") = "TrackerLibrary", "TrackerLibrary\TrackerLibrary.csproj", "{28428213-C4AF-4E73-A184-6DA60B01EF12}"
EndProject
Project("{FAE04EC0-301F-11D3-BF4B-00C04F79EFBC}") = "TrackerUI", "TrackerUI\TrackerUI.csproj", "{A2057CCB-BD0B-4E48-A170-79F4A448DCE4}"
EndProject
Global
	GlobalSection(SolutionConfigurationPlatforms) = preSolution
		Debug|Any CPU = Debug|Any CPU
		Debug|x86 = Debug|x86
		Release|Any CPU = Release|Any CPU
		Release|x86 = Release|x86
	EndGlobalSection
	GlobalSection(ProjectConfigurationPlatforms) = postSolution
		{28428213-C4AF-4E73-A184-6DA60B01EF12}.Debug|Any CPU.ActiveCfg = Debug|Any CPU
		{28428213-C4AF-4E73-A184-6DA60B01EF12}.Debug|Any CPU.Build.0 = Debug|Any CPU
		{28428213-C4AF-4E73-A184-6DA60B01EF12}.Debug|x86.ActiveCfg = Debug|Any CPU
		{28428213-C4AF-4E73-A184-6DA60B01EF12}.Debug|x86.Build.0 = Debug|Any CPU
		{28428213-C4AF-4E73-A184-6DA60B01EF12}.Release|Any CPU.ActiveCfg = Release|Any CPU
		{28428213-C4AF-4E73-A184-6DA60B01EF12}.Release|Any CPU.Build.0 = Release|Any CPU
		{28428213-C4AF-4E73-A184-6DA60B01EF12}.Release|x86.ActiveCfg = Release|Any CPU
		{28428213-C4AF-4E73-A184-6DA60B01EF12}.Release|x86.Build.0 = Release|Any CPU
		{A2057CCB-BD0B-4E48-A170-79F4A448DCE4}.Debug|Any CPU.ActiveCfg = Debug|Any CPU
		{A2057CCB-BD0B-4E48-A170-79F4A448DCE4}.Debug|Any CPU.Build.0 = Debug|Any CPU
		{A2057CCB-BD0B-4E48-A170-79F4A448DCE4}.Debug|x86.ActiveCfg = Debug|Any CPU
		{A2057CCB-BD0B-4E48-A170-79F4A448DCE4}.Debug|x86.Build.0 = Debug|Any CPU
		{A2057CCB-BD0B-4E48-A170-79F4A448DCE4}.Release|Any CPU.ActiveCfg = Release|Any CPU
		{A2057CCB-BD0B-4E48-A170-79F4A448DCE4}.Release|Any CPU.Build.0 = Release|Any CPU
		{A2057CCB-BD0B-4E48-A170-79F4A448DCE4}.Release|x86.ActiveCfg = Release|Any CPU
		{A2057CCB-BD0B-4E48-A170-79F4A448DCE4}.Release|x86.Build.0 = Release|Any CPU
	EndGlobalSection
	GlobalSection(SolutionProperties) = preSolution
		HideSolutionNode = FALSE
	EndGlobalSection
	GlobalSection(ExtensibilityGlobals) = postSolution
		SolutionGuid = {BDD180B1-0E91-45BC-8C70-C74CDC8BF0A8}
	EndGlobalSection
EndGlobal
